Microsoft Visual Studio Solution File, Format Version 11.00
# Visual Studio 2008

Project("{E35CC707-5C1B-CC50-7369-924E26EC0F16}") = "BattleCup", "Assembly-CSharp-firstpass-vs.csproj", "{B36D331D-81DF-C53E-C92A-0A135BD0787B}"
EndProject
Project("{E35CC707-5C1B-CC50-7369-924E26EC0F16}") = "BattleCup", "Assembly-CSharp-Editor-firstpass-vs.csproj", "{7EB6C71F-7790-BC4D-CCF5-372E6E9B3C7F}"
EndProject
Global
	GlobalSection(SolutionConfigurationPlatforms) = preSolution
		Debug|Any CPU = Debug|Any CPU
		Release|Any CPU = Release|Any CPU
	EndGlobalSection
	GlobalSection(ProjectConfigurationPlatforms) = postSolution
		{B36D331D-81DF-C53E-C92A-0A135BD0787B}.Debug|Any CPU.ActiveCfg = Debug|Any CPU
		{B36D331D-81DF-C53E-C92A-0A135BD0787B}.Debug|Any CPU.Build.0 = Debug|Any CPU
		{B36D331D-81DF-C53E-C92A-0A135BD0787B}.Release|Any CPU.ActiveCfg = Release|Any CPU
		{B36D331D-81DF-C53E-C92A-0A135BD0787B}.Release|Any CPU.Build.0 = Release|Any CPU
		{7EB6C71F-7790-BC4D-CCF5-372E6E9B3C7F}.Debug|Any CPU.ActiveCfg = Debug|Any CPU
		{7EB6C71F-7790-BC4D-CCF5-372E6E9B3C7F}.Debug|Any CPU.Build.0 = Debug|Any CPU
		{7EB6C71F-7790-BC4D-CCF5-372E6E9B3C7F}.Release|Any CPU.ActiveCfg = Release|Any CPU
		{7EB6C71F-7790-BC4D-CCF5-372E6E9B3C7F}.Release|Any CPU.Build.0 = Release|Any CPU
	EndGlobalSection
	GlobalSection(SolutionProperties) = preSolution
		HideSolutionNode = FALSE
	EndGlobalSection
							GlobalSection(MonoDevelopProperties) = preSolution
		StartupItem = Assembly-CSharp.csproj
		Policies = $0
		$0.TextStylePolicy = $1
		$1.inheritsSet = null
		$1.scope = text/x-csharp
		$0.CSharpFormattingPolicy = $2
		$2.inheritsSet = Mono
		$2.inheritsScope = text/x-csharp
		$2.scope = text/x-csharp
		$0.TextStylePolicy = $3
		$3.FileWidth = 120
		$3.TabWidth = 4
		$3.IndentWidth = 4
		$3.EolMarker = Unix
		$3.inheritsSet = Mono
		$3.inheritsScope = text/plain
		$3.scope = text/plain
	EndGlobalSection

EndGlobal
